// !$*UTF8*$!
{
	archiveVersion = 1;
	classes = {
	};
	objectVersion = 52;
	objects = {

/* Begin PBXBuildFile section */
		7E5129845A0B2CC881127FBE /* Pods_Chat_App.framework in Frameworks */ = {isa = PBXBuildFile; fileRef = 5A656753E4364CF8FCCA3886 /* Pods_Chat_App.framework */; };
		8531FF0A24565B7E001ED017 /* AppDelegate.swift in Sources */ = {isa = PBXBuildFile; fileRef = 8531FF0924565B7E001ED017 /* AppDelegate.swift */; };
		8531FF0C24565B7F001ED017 /* SceneDelegate.swift in Sources */ = {isa = PBXBuildFile; fileRef = 8531FF0B24565B7F001ED017 /* SceneDelegate.swift */; };
		8531FF0E24565B7F001ED017 /* ContentView.swift in Sources */ = {isa = PBXBuildFile; fileRef = 8531FF0D24565B7F001ED017 /* ContentView.swift */; };
		8531FF1024565B80001ED017 /* Assets.xcassets in Resources */ = {isa = PBXBuildFile; fileRef = 8531FF0F24565B80001ED017 /* Assets.xcassets */; };
		8531FF1624565B80001ED017 /* LaunchScreen.storyboard in Resources */ = {isa = PBXBuildFile; fileRef = 8531FF1424565B80001ED017 /* LaunchScreen.storyboard */; };
		8531FF1E24565EA6001ED017 /* GoogleService-Info.plist in Resources */ = {isa = PBXBuildFile; fileRef = 8531FF1D24565EA6001ED017 /* GoogleService-Info.plist */; };
		8531FF2C2456DAD6001ED017 /* GoogleSignInView.swift in Sources */ = {isa = PBXBuildFile; fileRef = 8531FF2B2456DAD6001ED017 /* GoogleSignInView.swift */; };
		8546FB622463CFB50061004B /* PhoneRegisterView.swift in Sources */ = {isa = PBXBuildFile; fileRef = 8546FB612463CFB50061004B /* PhoneRegisterView.swift */; };
		8546FB642463CFEE0061004B /* PhoneVerificationView.swift in Sources */ = {isa = PBXBuildFile; fileRef = 8546FB632463CFEE0061004B /* PhoneVerificationView.swift */; };
		8546FB682463D0620061004B /* HomeView.swift in Sources */ = {isa = PBXBuildFile; fileRef = 8546FB672463D0620061004B /* HomeView.swift */; };
		8546FB6C2463E1160061004B /* ImagePicker.swift in Sources */ = {isa = PBXBuildFile; fileRef = 8546FB6B2463E1160061004B /* ImagePicker.swift */; };
		8546FB702463E1C50061004B /* Indicator.swift in Sources */ = {isa = PBXBuildFile; fileRef = 8546FB6F2463E1C50061004B /* Indicator.swift */; };
		8546FB722463E1F90061004B /* CreateAccountView.swift in Sources */ = {isa = PBXBuildFile; fileRef = 8546FB712463E1F90061004B /* CreateAccountView.swift */; };
		8546FB742463E2850061004B /* CheckUserModel.swift in Sources */ = {isa = PBXBuildFile; fileRef = 8546FB732463E2850061004B /* CheckUserModel.swift */; };
		8546FB762463E2920061004B /* CreateUserModel.swift in Sources */ = {isa = PBXBuildFile; fileRef = 8546FB752463E2920061004B /* CreateUserModel.swift */; };
		8546FB792464B2590061004B /* SDWebImageSwiftUI in Frameworks */ = {isa = PBXBuildFile; productRef = 8546FB782464B2590061004B /* SDWebImageSwiftUI */; };
		8546FB7E2464DF9E0061004B /* ChatView.swift in Sources */ = {isa = PBXBuildFile; fileRef = 8546FB7D2464DF9E0061004B /* ChatView.swift */; };
		8546FB802464E00A0061004B /* NewChatView.swift in Sources */ = {isa = PBXBuildFile; fileRef = 8546FB7F2464E00A0061004B /* NewChatView.swift */; };
		8546FB822464E1240061004B /* MessagingFuncsAndStructs.swift in Sources */ = {isa = PBXBuildFile; fileRef = 8546FB812464E1240061004B /* MessagingFuncsAndStructs.swift */; };
/* End PBXBuildFile section */

/* Begin PBXFileReference section */
		5A656753E4364CF8FCCA3886 /* Pods_Chat_App.framework */ = {isa = PBXFileReference; explicitFileType = wrapper.framework; includeInIndex = 0; path = Pods_Chat_App.framework; sourceTree = BUILT_PRODUCTS_DIR; };
		8531FF0624565B7E001ED017 /* Chat App.app */ = {isa = PBXFileReference; explicitFileType = wrapper.application; includeInIndex = 0; path = "Chat App.app"; sourceTree = BUILT_PRODUCTS_DIR; };
		8531FF0924565B7E001ED017 /* AppDelegate.swift */ = {isa = PBXFileReference; lastKnownFileType = sourcecode.swift; path = AppDelegate.swift; sourceTree = "<group>"; };
		8531FF0B24565B7F001ED017 /* SceneDelegate.swift */ = {isa = PBXFileReference; lastKnownFileType = sourcecode.swift; path = SceneDelegate.swift; sourceTree = "<group>"; };
		8531FF0D24565B7F001ED017 /* ContentView.swift */ = {isa = PBXFileReference; lastKnownFileType = sourcecode.swift; path = ContentView.swift; sourceTree = "<group>"; };
		8531FF0F24565B80001ED017 /* Assets.xcassets */ = {isa = PBXFileReference; lastKnownFileType = folder.assetcatalog; path = Assets.xcassets; sourceTree = "<group>"; };
		8531FF1524565B80001ED017 /* Base */ = {isa = PBXFileReference; lastKnownFileType = file.storyboard; name = Base; path = Base.lproj/LaunchScreen.storyboard; sourceTree = "<group>"; };
		8531FF1724565B80001ED017 /* Info.plist */ = {isa = PBXFileReference; lastKnownFileType = text.plist.xml; path = Info.plist; sourceTree = "<group>"; };
		8531FF1D24565EA6001ED017 /* GoogleService-Info.plist */ = {isa = PBXFileReference; fileEncoding = 4; lastKnownFileType = text.plist.xml; path = "GoogleService-Info.plist"; sourceTree = "<group>"; };
		8531FF2B2456DAD6001ED017 /* GoogleSignInView.swift */ = {isa = PBXFileReference; lastKnownFileType = sourcecode.swift; path = GoogleSignInView.swift; sourceTree = "<group>"; };
		8546FB612463CFB50061004B /* PhoneRegisterView.swift */ = {isa = PBXFileReference; lastKnownFileType = sourcecode.swift; path = PhoneRegisterView.swift; sourceTree = "<group>"; };
		8546FB632463CFEE0061004B /* PhoneVerificationView.swift */ = {isa = PBXFileReference; lastKnownFileType = sourcecode.swift; path = PhoneVerificationView.swift; sourceTree = "<group>"; };
		8546FB672463D0620061004B /* HomeView.swift */ = {isa = PBXFileReference; lastKnownFileType = sourcecode.swift; path = HomeView.swift; sourceTree = "<group>"; };
		8546FB6B2463E1160061004B /* ImagePicker.swift */ = {isa = PBXFileReference; lastKnownFileType = sourcecode.swift; path = ImagePicker.swift; sourceTree = "<group>"; };
		8546FB6F2463E1C50061004B /* Indicator.swift */ = {isa = PBXFileReference; lastKnownFileType = sourcecode.swift; path = Indicator.swift; sourceTree = "<group>"; };
		8546FB712463E1F90061004B /* CreateAccountView.swift */ = {isa = PBXFileReference; lastKnownFileType = sourcecode.swift; path = CreateAccountView.swift; sourceTree = "<group>"; };
		8546FB732463E2850061004B /* CheckUserModel.swift */ = {isa = PBXFileReference; lastKnownFileType = sourcecode.swift; path = CheckUserModel.swift; sourceTree = "<group>"; };
		8546FB752463E2920061004B /* CreateUserModel.swift */ = {isa = PBXFileReference; lastKnownFileType = sourcecode.swift; path = CreateUserModel.swift; sourceTree = "<group>"; };
		8546FB7D2464DF9E0061004B /* ChatView.swift */ = {isa = PBXFileReference; lastKnownFileType = sourcecode.swift; path = ChatView.swift; sourceTree = "<group>"; };
		8546FB7F2464E00A0061004B /* NewChatView.swift */ = {isa = PBXFileReference; lastKnownFileType = sourcecode.swift; path = NewChatView.swift; sourceTree = "<group>"; };
		8546FB812464E1240061004B /* MessagingFuncsAndStructs.swift */ = {isa = PBXFileReference; lastKnownFileType = sourcecode.swift; path = MessagingFuncsAndStructs.swift; sourceTree = "<group>"; };
		B5A876C579DF9C29D755EE60 /* Pods-Chat App.debug.xcconfig */ = {isa = PBXFileReference; includeInIndex = 1; lastKnownFileType = text.xcconfig; name = "Pods-Chat App.debug.xcconfig"; path = "Pods/Target Support Files/Pods-Chat App/Pods-Chat App.debug.xcconfig"; sourceTree = "<group>"; };
		E8CBC26BC1017677D247125C /* Pods-Chat App.release.xcconfig */ = {isa = PBXFileReference; includeInIndex = 1; lastKnownFileType = text.xcconfig; name = "Pods-Chat App.release.xcconfig"; path = "Pods/Target Support Files/Pods-Chat App/Pods-Chat App.release.xcconfig"; sourceTree = "<group>"; };
/* End PBXFileReference section */

/* Begin PBXFrameworksBuildPhase section */
		8531FF0324565B7E001ED017 /* Frameworks */ = {
			isa = PBXFrameworksBuildPhase;
			buildActionMask = 2147483647;
			files = (
				8546FB792464B2590061004B /* SDWebImageSwiftUI in Frameworks */,
				7E5129845A0B2CC881127FBE /* Pods_Chat_App.framework in Frameworks */,
			);
			runOnlyForDeploymentPostprocessing = 0;
		};
/* End PBXFrameworksBuildPhase section */

/* Begin PBXGroup section */
		645110A524FA386248BDD6A6 /* Pods */ = {
			isa = PBXGroup;
			children = (
				B5A876C579DF9C29D755EE60 /* Pods-Chat App.debug.xcconfig */,
				E8CBC26BC1017677D247125C /* Pods-Chat App.release.xcconfig */,
			);
			name = Pods;
			sourceTree = "<group>";
		};
		8531FEFD24565B7E001ED017 = {
			isa = PBXGroup;
			children = (
				8531FF0824565B7E001ED017 /* Chat App */,
				8531FF0724565B7E001ED017 /* Products */,
				645110A524FA386248BDD6A6 /* Pods */,
				FA1C2E9923993B5BE5A7CE54 /* Frameworks */,
			);
			sourceTree = "<group>";
		};
		8531FF0724565B7E001ED017 /* Products */ = {
			isa = PBXGroup;
			children = (
				8531FF0624565B7E001ED017 /* Chat App.app */,
			);
			name = Products;
			sourceTree = "<group>";
		};
		8531FF0824565B7E001ED017 /* Chat App */ = {
			isa = PBXGroup;
			children = (
				8546FB692463E0E50061004B /* Views */,
				8546FB6A2463E0EA0061004B /* Models */,
				8531FF0924565B7E001ED017 /* AppDelegate.swift */,
				8531FF0B24565B7F001ED017 /* SceneDelegate.swift */,
				8531FF0D24565B7F001ED017 /* ContentView.swift */,
				8531FF0F24565B80001ED017 /* Assets.xcassets */,
				8531FF1424565B80001ED017 /* LaunchScreen.storyboard */,
				8531FF1724565B80001ED017 /* Info.plist */,
				8531FF1D24565EA6001ED017 /* GoogleService-Info.plist */,
				8531FF2624566C7A001ED017 /* Preview Content */,
			);
			path = "Chat App";
			sourceTree = "<group>";
		};
		8531FF2624566C7A001ED017 /* Preview Content */ = {
			isa = PBXGroup;
			children = (
			);
			path = "Preview Content";
			sourceTree = "<group>";
		};
		8546FB662463D03C0061004B /* Authentication */ = {
			isa = PBXGroup;
			children = (
				8546FB612463CFB50061004B /* PhoneRegisterView.swift */,
				8546FB632463CFEE0061004B /* PhoneVerificationView.swift */,
				8531FF2B2456DAD6001ED017 /* GoogleSignInView.swift */,
				8546FB712463E1F90061004B /* CreateAccountView.swift */,
			);
			path = Authentication;
			sourceTree = "<group>";
		};
		8546FB692463E0E50061004B /* Views */ = {
			isa = PBXGroup;
			children = (
				8546FB7C2464DF6F0061004B /* ChatScreens */,
				8546FB6E2463E1A30061004B /* MainScreens */,
				8546FB6D2463E1910061004B /* ImageSelection */,
				8546FB662463D03C0061004B /* Authentication */,
			);
			path = Views;
			sourceTree = "<group>";
		};
		8546FB6A2463E0EA0061004B /* Models */ = {
			isa = PBXGroup;
			children = (
				8546FB732463E2850061004B /* CheckUserModel.swift */,
				8546FB752463E2920061004B /* CreateUserModel.swift */,
				8546FB812464E1240061004B /* MessagingFuncsAndStructs.swift */,
			);
			path = Models;
			sourceTree = "<group>";
		};
		8546FB6D2463E1910061004B /* ImageSelection */ = {
			isa = PBXGroup;
			children = (
				8546FB6B2463E1160061004B /* ImagePicker.swift */,
				8546FB6F2463E1C50061004B /* Indicator.swift */,
			);
			path = ImageSelection;
			sourceTree = "<group>";
		};
		8546FB6E2463E1A30061004B /* MainScreens */ = {
			isa = PBXGroup;
			children = (
				8546FB672463D0620061004B /* HomeView.swift */,
			);
			path = MainScreens;
			sourceTree = "<group>";
		};
		8546FB7C2464DF6F0061004B /* ChatScreens */ = {
			isa = PBXGroup;
			children = (
				8546FB7D2464DF9E0061004B /* ChatView.swift */,
				8546FB7F2464E00A0061004B /* NewChatView.swift */,
			);
			path = ChatScreens;
			sourceTree = "<group>";
		};
		FA1C2E9923993B5BE5A7CE54 /* Frameworks */ = {
			isa = PBXGroup;
			children = (
				5A656753E4364CF8FCCA3886 /* Pods_Chat_App.framework */,
			);
			name = Frameworks;
			sourceTree = "<group>";
		};
/* End PBXGroup section */

/* Begin PBXNativeTarget section */
		8531FF0524565B7E001ED017 /* Chat App */ = {
			isa = PBXNativeTarget;
			buildConfigurationList = 8531FF1A24565B80001ED017 /* Build configuration list for PBXNativeTarget "Chat App" */;
			buildPhases = (
				B65A153CBDC762F41B3115B6 /* [CP] Check Pods Manifest.lock */,
				8531FF0224565B7E001ED017 /* Sources */,
				8531FF0324565B7E001ED017 /* Frameworks */,
				8531FF0424565B7E001ED017 /* Resources */,
				0CF404ED4C43305392A08639 /* [CP] Embed Pods Frameworks */,
				DA1C560FC800ECFF9D55E1F0 /* [CP] Copy Pods Resources */,
			);
			buildRules = (
			);
			dependencies = (
			);
			name = "Chat App";
			packageProductDependencies = (
				8546FB782464B2590061004B /* SDWebImageSwiftUI */,
			);
			productName = "Chat App";
			productReference = 8531FF0624565B7E001ED017 /* Chat App.app */;
			productType = "com.apple.product-type.application";
		};
/* End PBXNativeTarget section */

/* Begin PBXProject section */
		8531FEFE24565B7E001ED017 /* Project object */ = {
			isa = PBXProject;
			attributes = {
				LastSwiftUpdateCheck = 1130;
				LastUpgradeCheck = 1130;
				ORGANIZATIONNAME = "Jefferson & Sean";
				TargetAttributes = {
					8531FF0524565B7E001ED017 = {
						CreatedOnToolsVersion = 11.3.1;
					};
				};
			};
			buildConfigurationList = 8531FF0124565B7E001ED017 /* Build configuration list for PBXProject "Chat App" */;
			compatibilityVersion = "Xcode 9.3";
			developmentRegion = en;
			hasScannedForEncodings = 0;
			knownRegions = (
				en,
				Base,
			);
			mainGroup = 8531FEFD24565B7E001ED017;
			packageReferences = (
				8546FB772464B2590061004B /* XCRemoteSwiftPackageReference "SDWebImageSwiftUI" */,
			);
			productRefGroup = 8531FF0724565B7E001ED017 /* Products */;
			projectDirPath = "";
			projectRoot = "";
			targets = (
				8531FF0524565B7E001ED017 /* Chat App */,
			);
		};
/* End PBXProject section */

/* Begin PBXResourcesBuildPhase section */
		8531FF0424565B7E001ED017 /* Resources */ = {
			isa = PBXResourcesBuildPhase;
			buildActionMask = 2147483647;
			files = (
				8531FF1624565B80001ED017 /* LaunchScreen.storyboard in Resources */,
				8531FF1E24565EA6001ED017 /* GoogleService-Info.plist in Resources */,
				8531FF1024565B80001ED017 /* Assets.xcassets in Resources */,
			);
			runOnlyForDeploymentPostprocessing = 0;
		};
/* End PBXResourcesBuildPhase section */

/* Begin PBXShellScriptBuildPhase section */
		0CF404ED4C43305392A08639 /* [CP] Embed Pods Frameworks */ = {
			isa = PBXShellScriptBuildPhase;
			buildActionMask = 2147483647;
			files = (
			);
			inputFileListPaths = (
			);
			inputPaths = (
				"${SRCROOT}/Pods/Target Support Files/Pods-Chat App/Pods-Chat App-frameworks.sh",
				"${BUILT_PRODUCTS_DIR}/AppAuth/AppAuth.framework",
				"${BUILT_PRODUCTS_DIR}/BoringSSL-GRPC/openssl_grpc.framework",
				"${BUILT_PRODUCTS_DIR}/FBSDKCoreKit/FBSDKCoreKit.framework",
				"${BUILT_PRODUCTS_DIR}/FBSDKLoginKit/FBSDKLoginKit.framework",
				"${BUILT_PRODUCTS_DIR}/GTMAppAuth/GTMAppAuth.framework",
				"${BUILT_PRODUCTS_DIR}/GTMSessionFetcher/GTMSessionFetcher.framework",
				"${BUILT_PRODUCTS_DIR}/GoogleUtilities/GoogleUtilities.framework",
				"${BUILT_PRODUCTS_DIR}/PromisesObjC/FBLPromises.framework",
				"${BUILT_PRODUCTS_DIR}/abseil/absl.framework",
				"${BUILT_PRODUCTS_DIR}/gRPC-C++/grpcpp.framework",
				"${BUILT_PRODUCTS_DIR}/gRPC-Core/grpc.framework",
				"${BUILT_PRODUCTS_DIR}/leveldb-library/leveldb.framework",
				"${BUILT_PRODUCTS_DIR}/nanopb/nanopb.framework",
			);
			name = "[CP] Embed Pods Frameworks";
			outputFileListPaths = (
			);
			outputPaths = (
				"${TARGET_BUILD_DIR}/${FRAMEWORKS_FOLDER_PATH}/AppAuth.framework",
				"${TARGET_BUILD_DIR}/${FRAMEWORKS_FOLDER_PATH}/openssl_grpc.framework",
				"${TARGET_BUILD_DIR}/${FRAMEWORKS_FOLDER_PATH}/FBSDKCoreKit.framework",
				"${TARGET_BUILD_DIR}/${FRAMEWORKS_FOLDER_PATH}/FBSDKLoginKit.framework",
				"${TARGET_BUILD_DIR}/${FRAMEWORKS_FOLDER_PATH}/GTMAppAuth.framework",
				"${TARGET_BUILD_DIR}/${FRAMEWORKS_FOLDER_PATH}/GTMSessionFetcher.framework",
				"${TARGET_BUILD_DIR}/${FRAMEWORKS_FOLDER_PATH}/GoogleUtilities.framework",
				"${TARGET_BUILD_DIR}/${FRAMEWORKS_FOLDER_PATH}/FBLPromises.framework",
				"${TARGET_BUILD_DIR}/${FRAMEWORKS_FOLDER_PATH}/absl.framework",
				"${TARGET_BUILD_DIR}/${FRAMEWORKS_FOLDER_PATH}/grpcpp.framework",
				"${TARGET_BUILD_DIR}/${FRAMEWORKS_FOLDER_PATH}/grpc.framework",
				"${TARGET_BUILD_DIR}/${FRAMEWORKS_FOLDER_PATH}/leveldb.framework",
				"${TARGET_BUILD_DIR}/${FRAMEWORKS_FOLDER_PATH}/nanopb.framework",
			);
			runOnlyForDeploymentPostprocessing = 0;
			shellPath = /bin/sh;
			shellScript = "\"${SRCROOT}/Pods/Target Support Files/Pods-Chat App/Pods-Chat App-frameworks.sh\"\n";
			showEnvVarsInLog = 0;
		};
		B65A153CBDC762F41B3115B6 /* [CP] Check Pods Manifest.lock */ = {
			isa = PBXShellScriptBuildPhase;
			buildActionMask = 2147483647;
			files = (
			);
			inputFileListPaths = (
			);
			inputPaths = (
				"${PODS_PODFILE_DIR_PATH}/Podfile.lock",
				"${PODS_ROOT}/Manifest.lock",
			);
			name = "[CP] Check Pods Manifest.lock";
			outputFileListPaths = (
			);
			outputPaths = (
				"$(DERIVED_FILE_DIR)/Pods-Chat App-checkManifestLockResult.txt",
			);
			runOnlyForDeploymentPostprocessing = 0;
			shellPath = /bin/sh;
			shellScript = "diff \"${PODS_PODFILE_DIR_PATH}/Podfile.lock\" \"${PODS_ROOT}/Manifest.lock\" > /dev/null\nif [ $? != 0 ] ; then\n    # print error to STDERR\n    echo \"error: The sandbox is not in sync with the Podfile.lock. Run 'pod install' or update your CocoaPods installation.\" >&2\n    exit 1\nfi\n# This output is used by Xcode 'outputs' to avoid re-running this script phase.\necho \"SUCCESS\" > \"${SCRIPT_OUTPUT_FILE_0}\"\n";
			showEnvVarsInLog = 0;
		};
		DA1C560FC800ECFF9D55E1F0 /* [CP] Copy Pods Resources */ = {
			isa = PBXShellScriptBuildPhase;
			buildActionMask = 2147483647;
			files = (
			);
			inputFileListPaths = (
			);
			inputPaths = (
				"${SRCROOT}/Pods/Target Support Files/Pods-Chat App/Pods-Chat App-resources.sh",
				"${PODS_ROOT}/GoogleSignIn/Resources/GoogleSignIn.bundle",
			);
			name = "[CP] Copy Pods Resources";
			outputFileListPaths = (
			);
			outputPaths = (
				"${TARGET_BUILD_DIR}/${UNLOCALIZED_RESOURCES_FOLDER_PATH}/GoogleSignIn.bundle",
			);
			runOnlyForDeploymentPostprocessing = 0;
			shellPath = /bin/sh;
			shellScript = "\"${SRCROOT}/Pods/Target Support Files/Pods-Chat App/Pods-Chat App-resources.sh\"\n";
			showEnvVarsInLog = 0;
		};
/* End PBXShellScriptBuildPhase section */

/* Begin PBXSourcesBuildPhase section */
		8531FF0224565B7E001ED017 /* Sources */ = {
			isa = PBXSourcesBuildPhase;
			buildActionMask = 2147483647;
			files = (
				8546FB822464E1240061004B /* MessagingFuncsAndStructs.swift in Sources */,
				8546FB762463E2920061004B /* CreateUserModel.swift in Sources */,
				8546FB742463E2850061004B /* CheckUserModel.swift in Sources */,
				8531FF0A24565B7E001ED017 /* AppDelegate.swift in Sources */,
				8546FB7E2464DF9E0061004B /* ChatView.swift in Sources */,
				8546FB682463D0620061004B /* HomeView.swift in Sources */,
				8531FF0C24565B7F001ED017 /* SceneDelegate.swift in Sources */,
				8546FB642463CFEE0061004B /* PhoneVerificationView.swift in Sources */,
				8546FB722463E1F90061004B /* CreateAccountView.swift in Sources */,
				8531FF0E24565B7F001ED017 /* ContentView.swift in Sources */,
				8546FB6C2463E1160061004B /* ImagePicker.swift in Sources */,
				8546FB622463CFB50061004B /* PhoneRegisterView.swift in Sources */,
				8546FB702463E1C50061004B /* Indicator.swift in Sources */,
				8546FB802464E00A0061004B /* NewChatView.swift in Sources */,
				8531FF2C2456DAD6001ED017 /* GoogleSignInView.swift in Sources */,
			);
			runOnlyForDeploymentPostprocessing = 0;
		};
/* End PBXSourcesBuildPhase section */

/* Begin PBXVariantGroup section */
		8531FF1424565B80001ED017 /* LaunchScreen.storyboard */ = {
			isa = PBXVariantGroup;
			children = (
				8531FF1524565B80001ED017 /* Base */,
			);
			name = LaunchScreen.storyboard;
			sourceTree = "<group>";
		};
/* End PBXVariantGroup section */

/* Begin XCBuildConfiguration section */
		8531FF1824565B80001ED017 /* Debug */ = {
			isa = XCBuildConfiguration;
			buildSettings = {
				ALWAYS_SEARCH_USER_PATHS = NO;
				CLANG_ANALYZER_NONNULL = YES;
				CLANG_ANALYZER_NUMBER_OBJECT_CONVERSION = YES_AGGRESSIVE;
				CLANG_CXX_LANGUAGE_STANDARD = "gnu++14";
				CLANG_CXX_LIBRARY = "libc++";
				CLANG_ENABLE_MODULES = YES;
				CLANG_ENABLE_OBJC_ARC = YES;
				CLANG_ENABLE_OBJC_WEAK = YES;
				CLANG_WARN_BLOCK_CAPTURE_AUTORELEASING = YES;
				CLANG_WARN_BOOL_CONVERSION = YES;
				CLANG_WARN_COMMA = YES;
				CLANG_WARN_CONSTANT_CONVERSION = YES;
				CLANG_WARN_DEPRECATED_OBJC_IMPLEMENTATIONS = YES;
				CLANG_WARN_DIRECT_OBJC_ISA_USAGE = YES_ERROR;
				CLANG_WARN_DOCUMENTATION_COMMENTS = YES;
				CLANG_WARN_EMPTY_BODY = YES;
				CLANG_WARN_ENUM_CONVERSION = YES;
				CLANG_WARN_INFINITE_RECURSION = YES;
				CLANG_WARN_INT_CONVERSION = YES;
				CLANG_WARN_NON_LITERAL_NULL_CONVERSION = YES;
				CLANG_WARN_OBJC_IMPLICIT_RETAIN_SELF = YES;
				CLANG_WARN_OBJC_LITERAL_CONVERSION = YES;
				CLANG_WARN_OBJC_ROOT_CLASS = YES_ERROR;
				CLANG_WARN_RANGE_LOOP_ANALYSIS = YES;
				CLANG_WARN_STRICT_PROTOTYPES = YES;
				CLANG_WARN_SUSPICIOUS_MOVE = YES;
				CLANG_WARN_UNGUARDED_AVAILABILITY = YES_AGGRESSIVE;
				CLANG_WARN_UNREACHABLE_CODE = YES;
				CLANG_WARN__DUPLICATE_METHOD_MATCH = YES;
				COPY_PHASE_STRIP = NO;
				DEBUG_INFORMATION_FORMAT = dwarf;
				ENABLE_STRICT_OBJC_MSGSEND = YES;
				ENABLE_TESTABILITY = YES;
				GCC_C_LANGUAGE_STANDARD = gnu11;
				GCC_DYNAMIC_NO_PIC = NO;
				GCC_NO_COMMON_BLOCKS = YES;
				GCC_OPTIMIZATION_LEVEL = 0;
				GCC_PREPROCESSOR_DEFINITIONS = (
					"DEBUG=1",
					"$(inherited)",
				);
				GCC_WARN_64_TO_32_BIT_CONVERSION = YES;
				GCC_WARN_ABOUT_RETURN_TYPE = YES_ERROR;
				GCC_WARN_UNDECLARED_SELECTOR = YES;
				GCC_WARN_UNINITIALIZED_AUTOS = YES_AGGRESSIVE;
				GCC_WARN_UNUSED_FUNCTION = YES;
				GCC_WARN_UNUSED_VARIABLE = YES;
				IPHONEOS_DEPLOYMENT_TARGET = 13.2;
				MTL_ENABLE_DEBUG_INFO = INCLUDE_SOURCE;
				MTL_FAST_MATH = YES;
				ONLY_ACTIVE_ARCH = YES;
				SDKROOT = iphoneos;
				SWIFT_ACTIVE_COMPILATION_CONDITIONS = DEBUG;
				SWIFT_OPTIMIZATION_LEVEL = "-Onone";
			};
			name = Debug;
		};
		8531FF1924565B80001ED017 /* Release */ = {
			isa = XCBuildConfiguration;
			buildSettings = {
				ALWAYS_SEARCH_USER_PATHS = NO;
				CLANG_ANALYZER_NONNULL = YES;
				CLANG_ANALYZER_NUMBER_OBJECT_CONVERSION = YES_AGGRESSIVE;
				CLANG_CXX_LANGUAGE_STANDARD = "gnu++14";
				CLANG_CXX_LIBRARY = "libc++";
				CLANG_ENABLE_MODULES = YES;
				CLANG_ENABLE_OBJC_ARC = YES;
				CLANG_ENABLE_OBJC_WEAK = YES;
				CLANG_WARN_BLOCK_CAPTURE_AUTORELEASING = YES;
				CLANG_WARN_BOOL_CONVERSION = YES;
				CLANG_WARN_COMMA = YES;
				CLANG_WARN_CONSTANT_CONVERSION = YES;
				CLANG_WARN_DEPRECATED_OBJC_IMPLEMENTATIONS = YES;
				CLANG_WARN_DIRECT_OBJC_ISA_USAGE = YES_ERROR;
				CLANG_WARN_DOCUMENTATION_COMMENTS = YES;
				CLANG_WARN_EMPTY_BODY = YES;
				CLANG_WARN_ENUM_CONVERSION = YES;
				CLANG_WARN_INFINITE_RECURSION = YES;
				CLANG_WARN_INT_CONVERSION = YES;
				CLANG_WARN_NON_LITERAL_NULL_CONVERSION = YES;
				CLANG_WARN_OBJC_IMPLICIT_RETAIN_SELF = YES;
				CLANG_WARN_OBJC_LITERAL_CONVERSION = YES;
				CLANG_WARN_OBJC_ROOT_CLASS = YES_ERROR;
				CLANG_WARN_RANGE_LOOP_ANALYSIS = YES;
				CLANG_WARN_STRICT_PROTOTYPES = YES;
				CLANG_WARN_SUSPICIOUS_MOVE = YES;
				CLANG_WARN_UNGUARDED_AVAILABILITY = YES_AGGRESSIVE;
				CLANG_WARN_UNREACHABLE_CODE = YES;
				CLANG_WARN__DUPLICATE_METHOD_MATCH = YES;
				COPY_PHASE_STRIP = NO;
				DEBUG_INFORMATION_FORMAT = "dwarf-with-dsym";
				ENABLE_NS_ASSERTIONS = NO;
				ENABLE_STRICT_OBJC_MSGSEND = YES;
				GCC_C_LANGUAGE_STANDARD = gnu11;
				GCC_NO_COMMON_BLOCKS = YES;
				GCC_WARN_64_TO_32_BIT_CONVERSION = YES;
				GCC_WARN_ABOUT_RETURN_TYPE = YES_ERROR;
				GCC_WARN_UNDECLARED_SELECTOR = YES;
				GCC_WARN_UNINITIALIZED_AUTOS = YES_AGGRESSIVE;
				GCC_WARN_UNUSED_FUNCTION = YES;
				GCC_WARN_UNUSED_VARIABLE = YES;
				IPHONEOS_DEPLOYMENT_TARGET = 13.2;
				MTL_ENABLE_DEBUG_INFO = NO;
				MTL_FAST_MATH = YES;
				SDKROOT = iphoneos;
				SWIFT_COMPILATION_MODE = wholemodule;
				SWIFT_OPTIMIZATION_LEVEL = "-O";
				VALIDATE_PRODUCT = YES;
			};
			name = Release;
		};
		8531FF1B24565B80001ED017 /* Debug */ = {
			isa = XCBuildConfiguration;
			baseConfigurationReference = B5A876C579DF9C29D755EE60 /* Pods-Chat App.debug.xcconfig */;
			buildSettings = {
				ASSETCATALOG_COMPILER_APPICON_NAME = AppIcon;
				CODE_SIGN_STYLE = Automatic;
				DEVELOPMENT_ASSET_PATHS = "\"Chat App/Preview Content\"";
				DEVELOPMENT_TEAM = 6WA6Y7KBQJ;
				ENABLE_PREVIEWS = YES;
				INFOPLIST_FILE = "Chat App/Info.plist";
				LD_RUNPATH_SEARCH_PATHS = (
					"$(inherited)",
					"@executable_path/Frameworks",
				);
				PRODUCT_BUNDLE_IDENTIFIER = com.sjsu.chatapplication;
				PRODUCT_NAME = "$(TARGET_NAME)";
				SWIFT_VERSION = 5.0;
				TARGETED_DEVICE_FAMILY = "1,2";
			};
			name = Debug;
		};
		8531FF1C24565B80001ED017 /* Release */ = {
			isa = XCBuildConfiguration;
			baseConfigurationReference = E8CBC26BC1017677D247125C /* Pods-Chat App.release.xcconfig */;
			buildSettings = {
				ASSETCATALOG_COMPILER_APPICON_NAME = AppIcon;
				CODE_SIGN_STYLE = Automatic;
				DEVELOPMENT_ASSET_PATHS = "\"Chat App/Preview Content\"";
				DEVELOPMENT_TEAM = 6WA6Y7KBQJ;
				ENABLE_PREVIEWS = YES;
				INFOPLIST_FILE = "Chat App/Info.plist";
				LD_RUNPATH_SEARCH_PATHS = (
					"$(inherited)",
					"@executable_path/Frameworks",
				);
				PRODUCT_BUNDLE_IDENTIFIER = com.sjsu.chatapplication;
				PRODUCT_NAME = "$(TARGET_NAME)";
				SWIFT_VERSION = 5.0;
				TARGETED_DEVICE_FAMILY = "1,2";
			};
			name = Release;
		};
/* End XCBuildConfiguration section */

/* Begin XCConfigurationList section */
		8531FF0124565B7E001ED017 /* Build configuration list for PBXProject "Chat App" */ = {
			isa = XCConfigurationList;
			buildConfigurations = (
				8531FF1824565B80001ED017 /* Debug */,
				8531FF1924565B80001ED017 /* Release */,
			);
			defaultConfigurationIsVisible = 0;
			defaultConfigurationName = Release;
		};
		8531FF1A24565B80001ED017 /* Build configuration list for PBXNativeTarget "Chat App" */ = {
			isa = XCConfigurationList;
			buildConfigurations = (
				8531FF1B24565B80001ED017 /* Debug */,
				8531FF1C24565B80001ED017 /* Release */,
			);
			defaultConfigurationIsVisible = 0;
			defaultConfigurationName = Release;
		};
/* End XCConfigurationList section */

/* Begin XCRemoteSwiftPackageReference section */
		8546FB772464B2590061004B /* XCRemoteSwiftPackageReference "SDWebImageSwiftUI" */ = {
			isa = XCRemoteSwiftPackageReference;
			repositoryURL = "https://github.com/SDWebImage/SDWebImageSwiftUI";
			requirement = {
				kind = upToNextMajorVersion;
				minimumVersion = 1.4.0;
			};
		};
/* End XCRemoteSwiftPackageReference section */

/* Begin XCSwiftPackageProductDependency section */
		8546FB782464B2590061004B /* SDWebImageSwiftUI */ = {
			isa = XCSwiftPackageProductDependency;
			package = 8546FB772464B2590061004B /* XCRemoteSwiftPackageReference "SDWebImageSwiftUI" */;
			productName = SDWebImageSwiftUI;
		};
/* End XCSwiftPackageProductDependency section */
	};
	rootObject = 8531FEFE24565B7E001ED017 /* Project object */;
}
